
Microsoft Visual Studio Solution File, Format Version 12.00
# Visual Studio Version 17
VisualStudioVersion = 17.7.34221.43
MinimumVisualStudioVersion = 10.0.40219.1
Project("{FAE04EC0-301F-11D3-BF4B-00C04F79EFBC}") = "wpu221_team_work", "wpu221_team_work\wpu221_team_work.csproj", "{F913C468-EB19-44A6-A906-27E407A178E3}"
EndProject
Global
	GlobalSection(SolutionConfigurationPlatforms) = preSolution
		Debug|Any CPU = Debug|Any CPU
		Release|Any CPU = Release|Any CPU
	EndGlobalSection
	GlobalSection(ProjectConfigurationPlatforms) = postSolution
		{F913C468-EB19-44A6-A906-27E407A178E3}.Debug|Any CPU.ActiveCfg = Debug|Any CPU
		{F913C468-EB19-44A6-A906-27E407A178E3}.Debug|Any CPU.Build.0 = Debug|Any CPU
		{F913C468-EB19-44A6-A906-27E407A178E3}.Release|Any CPU.ActiveCfg = Release|Any CPU
		{F913C468-EB19-44A6-A906-27E407A178E3}.Release|Any CPU.Build.0 = Release|Any CPU
	EndGlobalSection
	GlobalSection(SolutionProperties) = preSolution
		HideSolutionNode = FALSE
	EndGlobalSection
	GlobalSection(ExtensibilityGlobals) = postSolution
		SolutionGuid = {C505A216-4855-4402-8FD1-6EE55A91C1A2}
	EndGlobalSection
EndGlobal
